
Microsoft Visual Studio Solution File, Format Version 12.00
# Visual Studio Version 17
VisualStudioVersion = 17.9.34607.119
MinimumVisualStudioVersion = 10.0.40219.1
Project("{FAE04EC0-301F-11D3-BF4B-00C04F79EFBC}") = "Diver_shay", "Diver_shay.csproj", "{68057DD4-7CE8-45F4-BFF7-61DE9F33BDAA}"
EndProject
Global
	GlobalSection(SolutionConfigurationPlatforms) = preSolution
		Debug|Any CPU = Debug|Any CPU
		Release|Any CPU = Release|Any CPU
	EndGlobalSection
	GlobalSection(ProjectConfigurationPlatforms) = postSolution
		{68057DD4-7CE8-45F4-BFF7-61DE9F33BDAA}.Debug|Any CPU.ActiveCfg = Debug|Any CPU
		{68057DD4-7CE8-45F4-BFF7-61DE9F33BDAA}.Debug|Any CPU.Build.0 = Debug|Any CPU
		{68057DD4-7CE8-45F4-BFF7-61DE9F33BDAA}.Release|Any CPU.ActiveCfg = Release|Any CPU
		{68057DD4-7CE8-45F4-BFF7-61DE9F33BDAA}.Release|Any CPU.Build.0 = Release|Any CPU
	EndGlobalSection
	GlobalSection(SolutionProperties) = preSolution
		HideSolutionNode = FALSE
	EndGlobalSection
	GlobalSection(ExtensibilityGlobals) = postSolution
		SolutionGuid = {2113F79F-E63F-428C-BFF0-42DF598CF430}
	EndGlobalSection
EndGlobal
